// !$*UTF8*$!
{
	archiveVersion = 1;
	classes = {
	};
	objectVersion = 77;
	objects = {

/* Begin PBXBuildFile section */
		03A0B7EE0E2DFDDE95901A8F /* DulcetAppleProduction.swift in Sources */ = {isa = PBXBuildFile; fileRef = B0981D7D7493E2D1ED3C611B /* DulcetAppleProduction.swift */; };
		083374910548F6A732E1486D /* AccountConnectionPresentationTests.swift in Sources */ = {isa = PBXBuildFile; fileRef = 4D987F3787F2565B8F07E73C /* AccountConnectionPresentationTests.swift */; };
		0C4E75372DE2F7E19CD22363 /* DulcetKit in Frameworks */ = {isa = PBXBuildFile; productRef = 8901E30ABE975950D0518911 /* DulcetKit */; };
		127D19FAA195A69D247E6A57 /* DulcetAppleProduction.swift in Sources */ = {isa = PBXBuildFile; fileRef = B0981D7D7493E2D1ED3C611B /* DulcetAppleProduction.swift */; };
		293F3C8BB79CC7DE1F60E765 /* DulcetKitTests.swift in Sources */ = {isa = PBXBuildFile; fileRef = 64D9945C6F39753DCB62BD2F /* DulcetKitTests.swift */; };
		4BE2ED7747B9D4B9D8708E4F /* DulcetAppleProduction.swift in Sources */ = {isa = PBXBuildFile; fileRef = B0981D7D7493E2D1ED3C611B /* DulcetAppleProduction.swift */; };
		57E70A80B0CB0A7E88A62776 /* DulcetAppleProduction.swift in Sources */ = {isa = PBXBuildFile; fileRef = B0981D7D7493E2D1ED3C611B /* DulcetAppleProduction.swift */; };
		6B3BDB11E0EA24C2BD688570 /* DulcetKitTests.swift in Sources */ = {isa = PBXBuildFile; fileRef = 64D9945C6F39753DCB62BD2F /* DulcetKitTests.swift */; };
		766392F104BA53385E1EDE0A /* DulcetiOSApp.swift in Sources */ = {isa = PBXBuildFile; fileRef = D0E1B48A359DA49D31A27896 /* DulcetiOSApp.swift */; };
		8AA8E65222954385019CD5BB /* DulcetKit in Frameworks */ = {isa = PBXBuildFile; productRef = 6DE0C20386451D8B4373D34B /* DulcetKit */; };
		94B6E35A838EE7F75D5E3B8B /* Assets.xcassets in Resources */ = {isa = PBXBuildFile; fileRef = 116988D686EC0EBE59D64078 /* Assets.xcassets */; };
		98B5A6D548E28EC4DF8D2E70 /* DulcetKitIOSRenderTests.swift in Sources */ = {isa = PBXBuildFile; fileRef = 32C57C7DD02906D31F5E33C5 /* DulcetKitIOSRenderTests.swift */; };
		9A94A6EBD306C1893B42ED29 /* DulcetMacApp.swift in Sources */ = {isa = PBXBuildFile; fileRef = 55CAC4FCF3C96C4D7CC83F91 /* DulcetMacApp.swift */; };
		9EE4EBF8CBDD862FB476661D /* DulcetKit in Frameworks */ = {isa = PBXBuildFile; productRef = CDEA56097F109D780F3EA786 /* DulcetKit */; };
		A6B6F543EC8622FB0ED972CE /* DulcetMacApp.swift in Sources */ = {isa = PBXBuildFile; fileRef = 55CAC4FCF3C96C4D7CC83F91 /* DulcetMacApp.swift */; };
		BAB4B7701A6C1A3099481FC7 /* DulcetKit in Frameworks */ = {isa = PBXBuildFile; productRef = C3E4AFCE27D1BEC8BBC49180 /* DulcetKit */; };
		BAFBB629BB389F4FE6AEC78F /* DulcetMacAccountConnectAppTest.swift in Sources */ = {isa = PBXBuildFile; fileRef = 708A2DD03E359D16B2324C1E /* DulcetMacAccountConnectAppTest.swift */; };
		BC860137DF4ECED571E259C4 /* DulcetKitTVOSRenderTests.swift in Sources */ = {isa = PBXBuildFile; fileRef = 39F42D228CAB447B990FAEC6 /* DulcetKitTVOSRenderTests.swift */; };
		D1F7907900F4D48E6153086E /* DulcetKit in Frameworks */ = {isa = PBXBuildFile; productRef = 62FC2421ADA074BB4FF646A3 /* DulcetKit */; };
		D1FDC52FA25891E2A0F20D31 /* DulcetKit in Frameworks */ = {isa = PBXBuildFile; productRef = 0A25BB9EEB3AB1E17FEE1738 /* DulcetKit */; };
		D59D50FC12AE1A39D2BA79FF /* DulcetKitIOSRenderTests.swift in Sources */ = {isa = PBXBuildFile; fileRef = 32C57C7DD02906D31F5E33C5 /* DulcetKitIOSRenderTests.swift */; };
		DA9406165547F98594A21A59 /* AccountConnectionPresentationTests.swift in Sources */ = {isa = PBXBuildFile; fileRef = 4D987F3787F2565B8F07E73C /* AccountConnectionPresentationTests.swift */; };
		DAEC526296EF1D0C4EE616AA /* DulcetKit in Frameworks */ = {isa = PBXBuildFile; productRef = BCF207739462B00BB245C6C8 /* DulcetKit */; };
		E47F799A2201E789F6D65031 /* DulcetKitTVOSRenderTests.swift in Sources */ = {isa = PBXBuildFile; fileRef = 39F42D228CAB447B990FAEC6 /* DulcetKitTVOSRenderTests.swift */; };
		E82522968B7D9F724CE5310A /* Assets.xcassets in Resources */ = {isa = PBXBuildFile; fileRef = 116988D686EC0EBE59D64078 /* Assets.xcassets */; };
		F102F29962BAFAAE1D0152DF /* DulcetTVApp.swift in Sources */ = {isa = PBXBuildFile; fileRef = B1578A2BFB3C7DA35B067CE9 /* DulcetTVApp.swift */; };
/* End PBXBuildFile section */

/* Begin PBXContainerItemProxy section */
		C0FA536592AE2E4411AF40E1 /* PBXContainerItemProxy */ = {
			isa = PBXContainerItemProxy;
			containerPortal = 85AB9D651FD2629314AFF46A /* Project object */;
			proxyType = 1;
			remoteGlobalIDString = 8BCA96527B244E2CCEE2901B;
			remoteInfo = DulcetMac;
		};
/* End PBXContainerItemProxy section */

/* Begin PBXFileReference section */
		116988D686EC0EBE59D64078 /* Assets.xcassets */ = {isa = PBXFileReference; lastKnownFileType = folder.assetcatalog; path = Assets.xcassets; sourceTree = "<group>"; };
		24B75E50328D01AA3A47D275 /* DulcetKitTVOSTests.xctest */ = {isa = PBXFileReference; includeInIndex = 0; lastKnownFileType = wrapper.cfbundle; path = DulcetKitTVOSTests.xctest; sourceTree = BUILT_PRODUCTS_DIR; };
		32C57C7DD02906D31F5E33C5 /* DulcetKitIOSRenderTests.swift */ = {isa = PBXFileReference; lastKnownFileType = sourcecode.swift; path = DulcetKitIOSRenderTests.swift; sourceTree = "<group>"; };
		355F8AE988967610CF1A480F /* Info.plist */ = {isa = PBXFileReference; lastKnownFileType = text.plist; path = Info.plist; sourceTree = "<group>"; };
		38AD664A62CF5D87788543B0 /* DulcetMac.entitlements */ = {isa = PBXFileReference; lastKnownFileType = text.plist.entitlements; path = DulcetMac.entitlements; sourceTree = "<group>"; };
		39F42D228CAB447B990FAEC6 /* DulcetKitTVOSRenderTests.swift */ = {isa = PBXFileReference; lastKnownFileType = sourcecode.swift; path = DulcetKitTVOSRenderTests.swift; sourceTree = "<group>"; };
		41D4E46A00FEC9EC06B9005F /* DulcetMacRelease.entitlements */ = {isa = PBXFileReference; lastKnownFileType = text.plist.entitlements; path = DulcetMacRelease.entitlements; sourceTree = "<group>"; };
		4D987F3787F2565B8F07E73C /* AccountConnectionPresentationTests.swift */ = {isa = PBXFileReference; lastKnownFileType = sourcecode.swift; path = AccountConnectionPresentationTests.swift; sourceTree = "<group>"; };
		55CAC4FCF3C96C4D7CC83F91 /* DulcetMacApp.swift */ = {isa = PBXFileReference; lastKnownFileType = sourcecode.swift; path = DulcetMacApp.swift; sourceTree = "<group>"; };
		64D9945C6F39753DCB62BD2F /* DulcetKitTests.swift */ = {isa = PBXFileReference; lastKnownFileType = sourcecode.swift; path = DulcetKitTests.swift; sourceTree = "<group>"; };
		67881F6514BA3AB1F48C2261 /* DulcetMacRelease.app */ = {isa = PBXFileReference; explicitFileType = wrapper.application; includeInIndex = 0; path = DulcetMacRelease.app; sourceTree = BUILT_PRODUCTS_DIR; };
		708A2DD03E359D16B2324C1E /* DulcetMacAccountConnectAppTest.swift */ = {isa = PBXFileReference; lastKnownFileType = sourcecode.swift; path = DulcetMacAccountConnectAppTest.swift; sourceTree = "<group>"; };
		71CA14B4C301A9F99A563EF3 /* DulcetMacTests.xctest */ = {isa = PBXFileReference; explicitFileType = wrapper.cfbundle; includeInIndex = 0; path = DulcetMacTests.xctest; sourceTree = BUILT_PRODUCTS_DIR; };
		90F869B5F737FF8CDAA6B182 /* DulcetTV.app */ = {isa = PBXFileReference; includeInIndex = 0; lastKnownFileType = wrapper.application; path = DulcetTV.app; sourceTree = BUILT_PRODUCTS_DIR; };
		B0981D7D7493E2D1ED3C611B /* DulcetAppleProduction.swift */ = {isa = PBXFileReference; lastKnownFileType = sourcecode.swift; path = DulcetAppleProduction.swift; sourceTree = "<group>"; };
		B1578A2BFB3C7DA35B067CE9 /* DulcetTVApp.swift */ = {isa = PBXFileReference; lastKnownFileType = sourcecode.swift; path = DulcetTVApp.swift; sourceTree = "<group>"; };
		BEEA9FDD39E4CA2FF12180FC /* DulcetKit */ = {isa = PBXFileReference; lastKnownFileType = folder; name = DulcetKit; path = DulcetKit; sourceTree = SOURCE_ROOT; };
		C94F682F0DA4A7A7D82934B3 /* DulcetiOS.app */ = {isa = PBXFileReference; includeInIndex = 0; lastKnownFileType = wrapper.application; path = DulcetiOS.app; sourceTree = BUILT_PRODUCTS_DIR; };
		D0E1B48A359DA49D31A27896 /* DulcetiOSApp.swift */ = {isa = PBXFileReference; lastKnownFileType = sourcecode.swift; path = DulcetiOSApp.swift; sourceTree = "<group>"; };
		EBEE55499C6E454B3A373AE1 /* DulcetMac.app */ = {isa = PBXFileReference; explicitFileType = wrapper.application; includeInIndex = 0; path = DulcetMac.app; sourceTree = BUILT_PRODUCTS_DIR; };
		F2F83D78299EE3EF933374F5 /* DulcetKitIOSTests.xctest */ = {isa = PBXFileReference; includeInIndex = 0; lastKnownFileType = wrapper.cfbundle; path = DulcetKitIOSTests.xctest; sourceTree = BUILT_PRODUCTS_DIR; };
/* End PBXFileReference section */

/* Begin PBXFrameworksBuildPhase section */
		07DF35B6C13C0AEA3AB09043 /* Frameworks */ = {
			isa = PBXFrameworksBuildPhase;
			buildActionMask = 2147483647;
			files = (
				D1FDC52FA25891E2A0F20D31 /* DulcetKit in Frameworks */,
			);
			runOnlyForDeploymentPostprocessing = 0;
		};
		1F6D37C5DF52F07C3ACCE87A /* Frameworks */ = {
			isa = PBXFrameworksBuildPhase;
			buildActionMask = 2147483647;
			files = (
				D1F7907900F4D48E6153086E /* DulcetKit in Frameworks */,
			);
			runOnlyForDeploymentPostprocessing = 0;
		};
		458D9D40C148533105066CED /* Frameworks */ = {
			isa = PBXFrameworksBuildPhase;
			buildActionMask = 2147483647;
			files = (
				DAEC526296EF1D0C4EE616AA /* DulcetKit in Frameworks */,
			);
			runOnlyForDeploymentPostprocessing = 0;
		};
		52565928B5C4E4B59C3C92AF /* Frameworks */ = {
			isa = PBXFrameworksBuildPhase;
			buildActionMask = 2147483647;
			files = (
				BAB4B7701A6C1A3099481FC7 /* DulcetKit in Frameworks */,
			);
			runOnlyForDeploymentPostprocessing = 0;
		};
		6390B2FBF55B7A085252EE2F /* Frameworks */ = {
			isa = PBXFrameworksBuildPhase;
			buildActionMask = 2147483647;
			files = (
				0C4E75372DE2F7E19CD22363 /* DulcetKit in Frameworks */,
			);
			runOnlyForDeploymentPostprocessing = 0;
		};
		6BF846706E783F1CF872D204 /* Frameworks */ = {
			isa = PBXFrameworksBuildPhase;
			buildActionMask = 2147483647;
			files = (
				9EE4EBF8CBDD862FB476661D /* DulcetKit in Frameworks */,
			);
			runOnlyForDeploymentPostprocessing = 0;
		};
		F6CB17CFB5F24EB390F78E6D /* Frameworks */ = {
			isa = PBXFrameworksBuildPhase;
			buildActionMask = 2147483647;
			files = (
				8AA8E65222954385019CD5BB /* DulcetKit in Frameworks */,
			);
			runOnlyForDeploymentPostprocessing = 0;
		};
/* End PBXFrameworksBuildPhase section */

/* Begin PBXGroup section */
		15B71ACC7A6C2A1F4D9F2CB3 /* DulcetiOS */ = {
			isa = PBXGroup;
			children = (
				D0E1B48A359DA49D31A27896 /* DulcetiOSApp.swift */,
			);
			path = DulcetiOS;
			sourceTree = "<group>";
		};
		1F4CEF14957BC5BEA94552B7 /* Packages */ = {
			isa = PBXGroup;
			children = (
				BEEA9FDD39E4CA2FF12180FC /* DulcetKit */,
			);
			name = Packages;
			sourceTree = "<group>";
		};
		520A66276B25517E8844D850 /* DulcetMacTests */ = {
			isa = PBXGroup;
			children = (
				708A2DD03E359D16B2324C1E /* DulcetMacAccountConnectAppTest.swift */,
			);
			path = DulcetMacTests;
			sourceTree = "<group>";
		};
		52787862A6A396B435831CF7 /* DulcetMac */ = {
			isa = PBXGroup;
			children = (
				116988D686EC0EBE59D64078 /* Assets.xcassets */,
				38AD664A62CF5D87788543B0 /* DulcetMac.entitlements */,
				55CAC4FCF3C96C4D7CC83F91 /* DulcetMacApp.swift */,
				41D4E46A00FEC9EC06B9005F /* DulcetMacRelease.entitlements */,
				355F8AE988967610CF1A480F /* Info.plist */,
			);
			path = DulcetMac;
			sourceTree = "<group>";
		};
		57425B2DF357C89BFCFFCBF7 /* DulcetAppleShared */ = {
			isa = PBXGroup;
			children = (
				B0981D7D7493E2D1ED3C611B /* DulcetAppleProduction.swift */,
			);
			path = DulcetAppleShared;
			sourceTree = "<group>";
		};
		66490B3250C62ABB4C784B41 = {
			isa = PBXGroup;
			children = (
				57425B2DF357C89BFCFFCBF7 /* DulcetAppleShared */,
				15B71ACC7A6C2A1F4D9F2CB3 /* DulcetiOS */,
				C57285A27635A7251807C356 /* DulcetKitTests */,
				52787862A6A396B435831CF7 /* DulcetMac */,
				520A66276B25517E8844D850 /* DulcetMacTests */,
				C4EBD9B8094B6C71B1AA0E93 /* DulcetTV */,
				1F4CEF14957BC5BEA94552B7 /* Packages */,
				EF09A798EC470842969DB215 /* Products */,
			);
			sourceTree = "<group>";
		};
		C4EBD9B8094B6C71B1AA0E93 /* DulcetTV */ = {
			isa = PBXGroup;
			children = (
				B1578A2BFB3C7DA35B067CE9 /* DulcetTVApp.swift */,
			);
			path = DulcetTV;
			sourceTree = "<group>";
		};
		C57285A27635A7251807C356 /* DulcetKitTests */ = {
			isa = PBXGroup;
			children = (
				4D987F3787F2565B8F07E73C /* AccountConnectionPresentationTests.swift */,
				32C57C7DD02906D31F5E33C5 /* DulcetKitIOSRenderTests.swift */,
				64D9945C6F39753DCB62BD2F /* DulcetKitTests.swift */,
				39F42D228CAB447B990FAEC6 /* DulcetKitTVOSRenderTests.swift */,
			);
			name = DulcetKitTests;
			path = DulcetKit/Tests/DulcetKitTests;
			sourceTree = "<group>";
		};
		EF09A798EC470842969DB215 /* Products */ = {
			isa = PBXGroup;
			children = (
				C94F682F0DA4A7A7D82934B3 /* DulcetiOS.app */,
				F2F83D78299EE3EF933374F5 /* DulcetKitIOSTests.xctest */,
				24B75E50328D01AA3A47D275 /* DulcetKitTVOSTests.xctest */,
				EBEE55499C6E454B3A373AE1 /* DulcetMac.app */,
				67881F6514BA3AB1F48C2261 /* DulcetMacRelease.app */,
				71CA14B4C301A9F99A563EF3 /* DulcetMacTests.xctest */,
				90F869B5F737FF8CDAA6B182 /* DulcetTV.app */,
			);
			name = Products;
			sourceTree = "<group>";
		};
/* End PBXGroup section */

/* Begin PBXNativeTarget section */
		53E7C7591E51CC36898EA858 /* DulcetKitIOSTests */ = {
			isa = PBXNativeTarget;
			buildConfigurationList = DAEE0BFE83D576244DC26A86 /* Build configuration list for PBXNativeTarget "DulcetKitIOSTests" */;
			buildPhases = (
				0B1768A6011E8E877E925CF7 /* Compile Kotlin Framework */,
				929A278BA40D7641CCDF8B23 /* Sources */,
				6BF846706E783F1CF872D204 /* Frameworks */,
			);
			buildRules = (
			);
			dependencies = (
			);
			name = DulcetKitIOSTests;
			packageProductDependencies = (
				CDEA56097F109D780F3EA786 /* DulcetKit */,
			);
			productName = DulcetKitIOSTests;
			productReference = F2F83D78299EE3EF933374F5 /* DulcetKitIOSTests.xctest */;
			productType = "com.apple.product-type.bundle.unit-test";
		};
		6F24EA3CD16E818717B1FC45 /* DulcetTV */ = {
			isa = PBXNativeTarget;
			buildConfigurationList = B2B8E9A151E1DE5E43EAA7FD /* Build configuration list for PBXNativeTarget "DulcetTV" */;
			buildPhases = (
				0279D14F4C29492E2B1BB3E7 /* Compile Kotlin Framework */,
				9A5B0199C733098312CEA26B /* Sources */,
				6390B2FBF55B7A085252EE2F /* Frameworks */,
			);
			buildRules = (
			);
			dependencies = (
			);
			name = DulcetTV;
			packageProductDependencies = (
				8901E30ABE975950D0518911 /* DulcetKit */,
			);
			productName = DulcetTV;
			productReference = 90F869B5F737FF8CDAA6B182 /* DulcetTV.app */;
			productType = "com.apple.product-type.application";
		};
		7FD26D7B6EAE184FB7DE6B0B /* DulcetMacRelease */ = {
			isa = PBXNativeTarget;
			buildConfigurationList = 360A7CBC4024CFE9C745C373 /* Build configuration list for PBXNativeTarget "DulcetMacRelease" */;
			buildPhases = (
				D9C0C6599E935022D35A32CC /* Compile Kotlin Framework */,
				6D11CCC14BABB03C06918839 /* Sources */,
				9A155BD79F3EE704206E702D /* Resources */,
				458D9D40C148533105066CED /* Frameworks */,
			);
			buildRules = (
			);
			dependencies = (
			);
			name = DulcetMacRelease;
			packageProductDependencies = (
				BCF207739462B00BB245C6C8 /* DulcetKit */,
			);
			productName = DulcetMacRelease;
			productReference = 67881F6514BA3AB1F48C2261 /* DulcetMacRelease.app */;
			productType = "com.apple.product-type.application";
		};
		8BCA96527B244E2CCEE2901B /* DulcetMac */ = {
			isa = PBXNativeTarget;
			buildConfigurationList = 2C42EF1D985A1D90FAC23DB6 /* Build configuration list for PBXNativeTarget "DulcetMac" */;
			buildPhases = (
				806940B958CE99915F933C06 /* Compile Kotlin Framework */,
				ACE3176774BC5BACE2143179 /* Sources */,
				ABBEEB7FB6BEE4A3052B7F74 /* Resources */,
				07DF35B6C13C0AEA3AB09043 /* Frameworks */,
			);
			buildRules = (
			);
			dependencies = (
			);
			name = DulcetMac;
			packageProductDependencies = (
				0A25BB9EEB3AB1E17FEE1738 /* DulcetKit */,
			);
			productName = DulcetMac;
			productReference = EBEE55499C6E454B3A373AE1 /* DulcetMac.app */;
			productType = "com.apple.product-type.application";
		};
		BDCDDFDC6E29750FCEA69F0E /* DulcetKitTVOSTests */ = {
			isa = PBXNativeTarget;
			buildConfigurationList = AA7E5C9D5506435EDDFAAA3C /* Build configuration list for PBXNativeTarget "DulcetKitTVOSTests" */;
			buildPhases = (
				0D0CE879221B6146E9F3B588 /* Compile Kotlin Framework */,
				6391EE5CD9119B4EBAF88E6E /* Sources */,
				1F6D37C5DF52F07C3ACCE87A /* Frameworks */,
			);
			buildRules = (
			);
			dependencies = (
			);
			name = DulcetKitTVOSTests;
			packageProductDependencies = (
				62FC2421ADA074BB4FF646A3 /* DulcetKit */,
			);
			productName = DulcetKitTVOSTests;
			productReference = 24B75E50328D01AA3A47D275 /* DulcetKitTVOSTests.xctest */;
			productType = "com.apple.product-type.bundle.unit-test";
		};
		D3FDC284C73483B8B5381E52 /* DulcetMacTests */ = {
			isa = PBXNativeTarget;
			buildConfigurationList = 9E3631D81976A447A276882F /* Build configuration list for PBXNativeTarget "DulcetMacTests" */;
			buildPhases = (
				81EDCE838C78E5A128A93D39 /* Sources */,
				F6CB17CFB5F24EB390F78E6D /* Frameworks */,
			);
			buildRules = (
			);
			dependencies = (
				42094662FF37BC99CE608687 /* PBXTargetDependency */,
			);
			name = DulcetMacTests;
			packageProductDependencies = (
				6DE0C20386451D8B4373D34B /* DulcetKit */,
			);
			productName = DulcetMacTests;
			productReference = 71CA14B4C301A9F99A563EF3 /* DulcetMacTests.xctest */;
			productType = "com.apple.product-type.bundle.unit-test";
		};
		F191FAA4D2589FA394AC07D2 /* DulcetiOS */ = {
			isa = PBXNativeTarget;
			buildConfigurationList = BFF6E597D61F20C292411331 /* Build configuration list for PBXNativeTarget "DulcetiOS" */;
			buildPhases = (
				228A4780425D9C613826E604 /* Compile Kotlin Framework */,
				D39B864E960FD2B9352BC98A /* Sources */,
				52565928B5C4E4B59C3C92AF /* Frameworks */,
			);
			buildRules = (
			);
			dependencies = (
			);
			name = DulcetiOS;
			packageProductDependencies = (
				C3E4AFCE27D1BEC8BBC49180 /* DulcetKit */,
			);
			productName = DulcetiOS;
			productReference = C94F682F0DA4A7A7D82934B3 /* DulcetiOS.app */;
			productType = "com.apple.product-type.application";
		};
/* End PBXNativeTarget section */

/* Begin PBXProject section */
		85AB9D651FD2629314AFF46A /* Project object */ = {
			isa = PBXProject;
			attributes = {
				BuildIndependentTargetsInParallel = YES;
				LastUpgradeCheck = 1430;
				TargetAttributes = {
					53E7C7591E51CC36898EA858 = {
						DevelopmentTeam = 3LTL47SJ8C;
						ProvisioningStyle = Automatic;
					};
					6F24EA3CD16E818717B1FC45 = {
						DevelopmentTeam = 3LTL47SJ8C;
						ProvisioningStyle = Automatic;
					};
					7FD26D7B6EAE184FB7DE6B0B = {
						DevelopmentTeam = 3LTL47SJ8C;
						ProvisioningStyle = Manual;
					};
					8BCA96527B244E2CCEE2901B = {
						DevelopmentTeam = 3LTL47SJ8C;
						ProvisioningStyle = Automatic;
					};
					BDCDDFDC6E29750FCEA69F0E = {
						DevelopmentTeam = 3LTL47SJ8C;
						ProvisioningStyle = Automatic;
					};
					D3FDC284C73483B8B5381E52 = {
						DevelopmentTeam = 3LTL47SJ8C;
						ProvisioningStyle = Automatic;
					};
					F191FAA4D2589FA394AC07D2 = {
						DevelopmentTeam = 3LTL47SJ8C;
						ProvisioningStyle = Automatic;
					};
				};
			};
			buildConfigurationList = BA9D97B0A7AB9C7B8AA24B31 /* Build configuration list for PBXProject "Dulcet" */;
			developmentRegion = en;
			hasScannedForEncodings = 0;
			knownRegions = (
				Base,
				en,
			);
			mainGroup = 66490B3250C62ABB4C784B41;
			minimizedProjectReferenceProxies = 1;
			packageReferences = (
				B76C8E8F8C3AF68A5B3F8E67 /* XCLocalSwiftPackageReference "DulcetKit" */,
			);
			preferredProjectObjectVersion = 77;
			productRefGroup = EF09A798EC470842969DB215 /* Products */;
			projectDirPath = "";
			projectRoot = "";
			targets = (
				8BCA96527B244E2CCEE2901B /* DulcetMac */,
				7FD26D7B6EAE184FB7DE6B0B /* DulcetMacRelease */,
				D3FDC284C73483B8B5381E52 /* DulcetMacTests */,
				F191FAA4D2589FA394AC07D2 /* DulcetiOS */,
				53E7C7591E51CC36898EA858 /* DulcetKitIOSTests */,
				6F24EA3CD16E818717B1FC45 /* DulcetTV */,
				BDCDDFDC6E29750FCEA69F0E /* DulcetKitTVOSTests */,
			);
		};
/* End PBXProject section */

/* Begin PBXResourcesBuildPhase section */
		9A155BD79F3EE704206E702D /* Resources */ = {
			isa = PBXResourcesBuildPhase;
			buildActionMask = 2147483647;
			files = (
				94B6E35A838EE7F75D5E3B8B /* Assets.xcassets in Resources */,
			);
			runOnlyForDeploymentPostprocessing = 0;
		};
		ABBEEB7FB6BEE4A3052B7F74 /* Resources */ = {
			isa = PBXResourcesBuildPhase;
			buildActionMask = 2147483647;
			files = (
				E82522968B7D9F724CE5310A /* Assets.xcassets in Resources */,
			);
			runOnlyForDeploymentPostprocessing = 0;
		};
/* End PBXResourcesBuildPhase section */

/* Begin PBXShellScriptBuildPhase section */
		0279D14F4C29492E2B1BB3E7 /* Compile Kotlin Framework */ = {
			isa = PBXShellScriptBuildPhase;
			alwaysOutOfDate = 1;
			buildActionMask = 2147483647;
			files = (
			);
			inputFileListPaths = (
			);
			inputPaths = (
			);
			name = "Compile Kotlin Framework";
			outputFileListPaths = (
			);
			outputPaths = (
			);
			runOnlyForDeploymentPostprocessing = 0;
			shellPath = /bin/sh;
			shellScript = "if [ \"YES\" = \"$OVERRIDE_KOTLIN_BUILD_IDE_SUPPORTED\" ]; then\n  exit 0\nfi\ncd \"$SRCROOT/..\"\n./gradlew :core:embedAndSignAppleFrameworkForXcode < /dev/null\n";
		};
		0B1768A6011E8E877E925CF7 /* Compile Kotlin Framework */ = {
			isa = PBXShellScriptBuildPhase;
			alwaysOutOfDate = 1;
			buildActionMask = 2147483647;
			files = (
			);
			inputFileListPaths = (
			);
			inputPaths = (
			);
			name = "Compile Kotlin Framework";
			outputFileListPaths = (
			);
			outputPaths = (
			);
			runOnlyForDeploymentPostprocessing = 0;
			shellPath = /bin/sh;
			shellScript = "if [ \"YES\" = \"$OVERRIDE_KOTLIN_BUILD_IDE_SUPPORTED\" ]; then\n  exit 0\nfi\ncd \"$SRCROOT/..\"\n./gradlew :core:embedAndSignAppleFrameworkForXcode < /dev/null\n";
		};
		0D0CE879221B6146E9F3B588 /* Compile Kotlin Framework */ = {
			isa = PBXShellScriptBuildPhase;
			alwaysOutOfDate = 1;
			buildActionMask = 2147483647;
			files = (
			);
			inputFileListPaths = (
			);
			inputPaths = (
			);
			name = "Compile Kotlin Framework";
			outputFileListPaths = (
			);
			outputPaths = (
			);
			runOnlyForDeploymentPostprocessing = 0;
			shellPath = /bin/sh;
			shellScript = "if [ \"YES\" = \"$OVERRIDE_KOTLIN_BUILD_IDE_SUPPORTED\" ]; then\n  exit 0\nfi\ncd \"$SRCROOT/..\"\n./gradlew :core:embedAndSignAppleFrameworkForXcode < /dev/null\n";
		};
		228A4780425D9C613826E604 /* Compile Kotlin Framework */ = {
			isa = PBXShellScriptBuildPhase;
			alwaysOutOfDate = 1;
			buildActionMask = 2147483647;
			files = (
			);
			inputFileListPaths = (
			);
			inputPaths = (
			);
			name = "Compile Kotlin Framework";
			outputFileListPaths = (
			);
			outputPaths = (
			);
			runOnlyForDeploymentPostprocessing = 0;
			shellPath = /bin/sh;
			shellScript = "if [ \"YES\" = \"$OVERRIDE_KOTLIN_BUILD_IDE_SUPPORTED\" ]; then\n  exit 0\nfi\ncd \"$SRCROOT/..\"\n./gradlew :core:embedAndSignAppleFrameworkForXcode < /dev/null\n";
		};
		806940B958CE99915F933C06 /* Compile Kotlin Framework */ = {
			isa = PBXShellScriptBuildPhase;
			alwaysOutOfDate = 1;
			buildActionMask = 2147483647;
			files = (
			);
			inputFileListPaths = (
			);
			inputPaths = (
			);
			name = "Compile Kotlin Framework";
			outputFileListPaths = (
			);
			outputPaths = (
			);
			runOnlyForDeploymentPostprocessing = 0;
			shellPath = /bin/sh;
			shellScript = "if [ \"YES\" = \"$OVERRIDE_KOTLIN_BUILD_IDE_SUPPORTED\" ]; then\n  exit 0\nfi\ncd \"$SRCROOT/..\"\n./gradlew :core:embedAndSignAppleFrameworkForXcode < /dev/null\n";
		};
		D9C0C6599E935022D35A32CC /* Compile Kotlin Framework */ = {
			isa = PBXShellScriptBuildPhase;
			alwaysOutOfDate = 1;
			buildActionMask = 2147483647;
			files = (
			);
			inputFileListPaths = (
			);
			inputPaths = (
			);
			name = "Compile Kotlin Framework";
			outputFileListPaths = (
			);
			outputPaths = (
			);
			runOnlyForDeploymentPostprocessing = 0;
			shellPath = /bin/sh;
			shellScript = "if [ \"YES\" = \"$OVERRIDE_KOTLIN_BUILD_IDE_SUPPORTED\" ]; then\n  exit 0\nfi\ncd \"$SRCROOT/..\"\n./gradlew :core:embedAndSignAppleFrameworkForXcode < /dev/null\n";
		};
/* End PBXShellScriptBuildPhase section */

/* Begin PBXSourcesBuildPhase section */
		6391EE5CD9119B4EBAF88E6E /* Sources */ = {
			isa = PBXSourcesBuildPhase;
			buildActionMask = 2147483647;
			files = (
				DA9406165547F98594A21A59 /* AccountConnectionPresentationTests.swift in Sources */,
				98B5A6D548E28EC4DF8D2E70 /* DulcetKitIOSRenderTests.swift in Sources */,
				E47F799A2201E789F6D65031 /* DulcetKitTVOSRenderTests.swift in Sources */,
				293F3C8BB79CC7DE1F60E765 /* DulcetKitTests.swift in Sources */,
			);
			runOnlyForDeploymentPostprocessing = 0;
		};
		6D11CCC14BABB03C06918839 /* Sources */ = {
			isa = PBXSourcesBuildPhase;
			buildActionMask = 2147483647;
			files = (
				03A0B7EE0E2DFDDE95901A8F /* DulcetAppleProduction.swift in Sources */,
				9A94A6EBD306C1893B42ED29 /* DulcetMacApp.swift in Sources */,
			);
			runOnlyForDeploymentPostprocessing = 0;
		};
		81EDCE838C78E5A128A93D39 /* Sources */ = {
			isa = PBXSourcesBuildPhase;
			buildActionMask = 2147483647;
			files = (
				BAFBB629BB389F4FE6AEC78F /* DulcetMacAccountConnectAppTest.swift in Sources */,
			);
			runOnlyForDeploymentPostprocessing = 0;
		};
		929A278BA40D7641CCDF8B23 /* Sources */ = {
			isa = PBXSourcesBuildPhase;
			buildActionMask = 2147483647;
			files = (
				083374910548F6A732E1486D /* AccountConnectionPresentationTests.swift in Sources */,
				D59D50FC12AE1A39D2BA79FF /* DulcetKitIOSRenderTests.swift in Sources */,
				BC860137DF4ECED571E259C4 /* DulcetKitTVOSRenderTests.swift in Sources */,
				6B3BDB11E0EA24C2BD688570 /* DulcetKitTests.swift in Sources */,
			);
			runOnlyForDeploymentPostprocessing = 0;
		};
		9A5B0199C733098312CEA26B /* Sources */ = {
			isa = PBXSourcesBuildPhase;
			buildActionMask = 2147483647;
			files = (
				57E70A80B0CB0A7E88A62776 /* DulcetAppleProduction.swift in Sources */,
				F102F29962BAFAAE1D0152DF /* DulcetTVApp.swift in Sources */,
			);
			runOnlyForDeploymentPostprocessing = 0;
		};
		ACE3176774BC5BACE2143179 /* Sources */ = {
			isa = PBXSourcesBuildPhase;
			buildActionMask = 2147483647;
			files = (
				4BE2ED7747B9D4B9D8708E4F /* DulcetAppleProduction.swift in Sources */,
				A6B6F543EC8622FB0ED972CE /* DulcetMacApp.swift in Sources */,
			);
			runOnlyForDeploymentPostprocessing = 0;
		};
		D39B864E960FD2B9352BC98A /* Sources */ = {
			isa = PBXSourcesBuildPhase;
			buildActionMask = 2147483647;
			files = (
				127D19FAA195A69D247E6A57 /* DulcetAppleProduction.swift in Sources */,
				766392F104BA53385E1EDE0A /* DulcetiOSApp.swift in Sources */,
			);
			runOnlyForDeploymentPostprocessing = 0;
		};
/* End PBXSourcesBuildPhase section */

/* Begin PBXTargetDependency section */
		42094662FF37BC99CE608687 /* PBXTargetDependency */ = {
			isa = PBXTargetDependency;
			target = 8BCA96527B244E2CCEE2901B /* DulcetMac */;
			targetProxy = C0FA536592AE2E4411AF40E1 /* PBXContainerItemProxy */;
		};
/* End PBXTargetDependency section */

/* Begin XCBuildConfiguration section */
		09CF159A04C1B438042F6BE8 /* Release */ = {
			isa = XCBuildConfiguration;
			buildSettings = {
				ASSETCATALOG_COMPILER_APPICON_NAME = AppIcon;
				CODE_SIGN_ENTITLEMENTS = DulcetMac/DulcetMac.entitlements;
				COMBINE_HIDPI_IMAGES = YES;
				INFOPLIST_FILE = DulcetMac/Info.plist;
				LD_RUNPATH_SEARCH_PATHS = (
					"$(inherited)",
					"@executable_path/../Frameworks",
				);
				PRODUCT_BUNDLE_IDENTIFIER = com.legitimateapps.dulcet.dev;
				PRODUCT_MODULE_NAME = DulcetMac;
				PRODUCT_NAME = "Dulcet DEV";
				SDKROOT = macosx;
			};
			name = Release;
		};
		0F66D7AC4142F42EC03D4A22 /* Debug */ = {
			isa = XCBuildConfiguration;
			buildSettings = {
				ASSETCATALOG_COMPILER_APPICON_NAME = "App Icon & Top Shelf Image";
				ASSETCATALOG_COMPILER_LAUNCHIMAGE_NAME = LaunchImage;
				LD_RUNPATH_SEARCH_PATHS = (
					"$(inherited)",
					"@executable_path/Frameworks",
				);
				PRODUCT_BUNDLE_IDENTIFIER = com.legitimateapps.dulcet.tvos.dev;
				PRODUCT_NAME = "Dulcet DEV";
				SDKROOT = appletvos;
				TARGETED_DEVICE_FAMILY = 3;
			};
			name = Debug;
		};
		3BD66460B4D1FB7D9875D805 /* Debug */ = {
			isa = XCBuildConfiguration;
			buildSettings = {
				ASSETCATALOG_COMPILER_APPICON_NAME = AppIcon;
				CODE_SIGN_ENTITLEMENTS = DulcetMac/DulcetMac.entitlements;
				COMBINE_HIDPI_IMAGES = YES;
				INFOPLIST_FILE = DulcetMac/Info.plist;
				LD_RUNPATH_SEARCH_PATHS = (
					"$(inherited)",
					"@executable_path/../Frameworks",
				);
				PRODUCT_BUNDLE_IDENTIFIER = com.legitimateapps.dulcet.dev;
				PRODUCT_MODULE_NAME = DulcetMac;
				PRODUCT_NAME = "Dulcet DEV";
				SDKROOT = macosx;
			};
			name = Debug;
		};
		5488B7A744D4ECDEE10416E9 /* Release */ = {
			isa = XCBuildConfiguration;
			buildSettings = {
				ASSETCATALOG_COMPILER_APPICON_NAME = AppIcon;
				CODE_SIGN_IDENTITY = "iPhone Developer";
				LD_RUNPATH_SEARCH_PATHS = (
					"$(inherited)",
					"@executable_path/Frameworks",
				);
				PRODUCT_BUNDLE_IDENTIFIER = com.legitimateapps.dulcet.ios.dev;
				PRODUCT_NAME = "Dulcet DEV";
				SDKROOT = iphoneos;
				TARGETED_DEVICE_FAMILY = "1,2";
			};
			name = Release;
		};
		5A696D05F48602F0F2ECA4EF /* Debug */ = {
			isa = XCBuildConfiguration;
			buildSettings = {
				BUNDLE_LOADER = "$(TEST_HOST)";
				LD_RUNPATH_SEARCH_PATHS = (
					"$(inherited)",
					"@executable_path/Frameworks",
					"@loader_path/Frameworks",
				);
				PRODUCT_BUNDLE_IDENTIFIER = com.legitimateapps.dulcet.ios.dev.tests;
				SDKROOT = iphoneos;
				TARGETED_DEVICE_FAMILY = "1,2";
			};
			name = Debug;
		};
		6C08B670F4CEE9CB9E30E169 /* Debug */ = {
			isa = XCBuildConfiguration;
			buildSettings = {
				BUNDLE_LOADER = "$(TEST_HOST)";
				LD_RUNPATH_SEARCH_PATHS = (
					"$(inherited)",
					"@executable_path/Frameworks",
					"@loader_path/Frameworks",
				);
				PRODUCT_BUNDLE_IDENTIFIER = com.legitimateapps.dulcet.tvos.dev.tests;
				SDKROOT = appletvos;
				TARGETED_DEVICE_FAMILY = 3;
			};
			name = Debug;
		};
		8D10F433F53D9768AEE5D7E6 /* Release */ = {
			isa = XCBuildConfiguration;
			buildSettings = {
				BUNDLE_LOADER = "$(TEST_HOST)";
				CODE_SIGN_ENTITLEMENTS = DulcetMac/DulcetMac.entitlements;
				COMBINE_HIDPI_IMAGES = YES;
				LD_RUNPATH_SEARCH_PATHS = (
					"$(inherited)",
					"@executable_path/../Frameworks",
					"@loader_path/../Frameworks",
				);
				PRODUCT_BUNDLE_IDENTIFIER = com.legitimateapps.dulcet.dev.tests;
				SDKROOT = macosx;
				TEST_HOST = "$(BUILT_PRODUCTS_DIR)/Dulcet DEV.app/Contents/MacOS/Dulcet DEV";
			};
			name = Release;
		};
		94E1665CA0B8F1878577359D /* Release */ = {
			isa = XCBuildConfiguration;
			buildSettings = {
				ASSETCATALOG_COMPILER_APPICON_NAME = AppIcon;
				CODE_SIGN_ENTITLEMENTS = DulcetMac/DulcetMacRelease.entitlements;
				CODE_SIGN_IDENTITY = "Apple Distribution";
				CODE_SIGN_STYLE = Manual;
				COMBINE_HIDPI_IMAGES = YES;
				CURRENT_PROJECT_VERSION = 2;
				ENABLE_HARDENED_RUNTIME = YES;
				INFOPLIST_FILE = DulcetMac/Info.plist;
				LD_RUNPATH_SEARCH_PATHS = (
					"$(inherited)",
					"@executable_path/../Frameworks",
				);
				MARKETING_VERSION = 0.1.0;
				PRODUCT_BUNDLE_IDENTIFIER = com.legitimateapps.dulcet;
				PRODUCT_MODULE_NAME = DulcetMac;
				PRODUCT_NAME = Dulcet;
				PROVISIONING_PROFILE_SPECIFIER = "Dulcet Mac App Store";
				SDKROOT = macosx;
			};
			name = Release;
		};
		A0B32E25B79B6203DF47A1FE /* Release */ = {
			isa = XCBuildConfiguration;
			buildSettings = {
				BUNDLE_LOADER = "$(TEST_HOST)";
				LD_RUNPATH_SEARCH_PATHS = (
					"$(inherited)",
					"@executable_path/Frameworks",
					"@loader_path/Frameworks",
				);
				PRODUCT_BUNDLE_IDENTIFIER = com.legitimateapps.dulcet.tvos.dev.tests;
				SDKROOT = appletvos;
				TARGETED_DEVICE_FAMILY = 3;
			};
			name = Release;
		};
		A6693CD1E99ADF5A72C8F70D /* Release */ = {
			isa = XCBuildConfiguration;
			buildSettings = {
				BUNDLE_LOADER = "$(TEST_HOST)";
				LD_RUNPATH_SEARCH_PATHS = (
					"$(inherited)",
					"@executable_path/Frameworks",
					"@loader_path/Frameworks",
				);
				PRODUCT_BUNDLE_IDENTIFIER = com.legitimateapps.dulcet.ios.dev.tests;
				SDKROOT = iphoneos;
				TARGETED_DEVICE_FAMILY = "1,2";
			};
			name = Release;
		};
		B7A8878ED8979B56FCF18E7C /* Debug */ = {
			isa = XCBuildConfiguration;
			buildSettings = {
				ASSETCATALOG_COMPILER_APPICON_NAME = AppIcon;
				CODE_SIGN_ENTITLEMENTS = DulcetMac/DulcetMacRelease.entitlements;
				CODE_SIGN_IDENTITY = "Apple Distribution";
				CODE_SIGN_STYLE = Manual;
				COMBINE_HIDPI_IMAGES = YES;
				CURRENT_PROJECT_VERSION = 2;
				ENABLE_HARDENED_RUNTIME = YES;
				INFOPLIST_FILE = DulcetMac/Info.plist;
				LD_RUNPATH_SEARCH_PATHS = (
					"$(inherited)",
					"@executable_path/../Frameworks",
				);
				MARKETING_VERSION = 0.1.0;
				PRODUCT_BUNDLE_IDENTIFIER = com.legitimateapps.dulcet;
				PRODUCT_MODULE_NAME = DulcetMac;
				PRODUCT_NAME = Dulcet;
				PROVISIONING_PROFILE_SPECIFIER = "Dulcet Mac App Store";
				SDKROOT = macosx;
			};
			name = Debug;
		};
		C15376FBC04E4B5BACE3F4B6 /* Release */ = {
			isa = XCBuildConfiguration;
			buildSettings = {
				ALWAYS_SEARCH_USER_PATHS = NO;
				ARCHS = arm64;
				CLANG_ANALYZER_NONNULL = YES;
				CLANG_ANALYZER_NUMBER_OBJECT_CONVERSION = YES_AGGRESSIVE;
				CLANG_CXX_LANGUAGE_STANDARD = "gnu++14";
				CLANG_CXX_LIBRARY = "libc++";
				CLANG_ENABLE_MODULES = YES;
				CLANG_ENABLE_OBJC_ARC = YES;
				CLANG_ENABLE_OBJC_WEAK = YES;
				CLANG_WARN_BLOCK_CAPTURE_AUTORELEASING = YES;
				CLANG_WARN_BOOL_CONVERSION = YES;
				CLANG_WARN_COMMA = YES;
				CLANG_WARN_CONSTANT_CONVERSION = YES;
				CLANG_WARN_DEPRECATED_OBJC_IMPLEMENTATIONS = YES;
				CLANG_WARN_DIRECT_OBJC_ISA_USAGE = YES_ERROR;
				CLANG_WARN_DOCUMENTATION_COMMENTS = YES;
				CLANG_WARN_EMPTY_BODY = YES;
				CLANG_WARN_ENUM_CONVERSION = YES;
				CLANG_WARN_INFINITE_RECURSION = YES;
				CLANG_WARN_INT_CONVERSION = YES;
				CLANG_WARN_NON_LITERAL_NULL_CONVERSION = YES;
				CLANG_WARN_OBJC_IMPLICIT_RETAIN_SELF = YES;
				CLANG_WARN_OBJC_LITERAL_CONVERSION = YES;
				CLANG_WARN_OBJC_ROOT_CLASS = YES_ERROR;
				CLANG_WARN_QUOTED_INCLUDE_IN_FRAMEWORK_HEADER = YES;
				CLANG_WARN_RANGE_LOOP_ANALYSIS = YES;
				CLANG_WARN_STRICT_PROTOTYPES = YES;
				CLANG_WARN_SUSPICIOUS_MOVE = YES;
				CLANG_WARN_UNGUARDED_AVAILABILITY = YES_AGGRESSIVE;
				CLANG_WARN_UNREACHABLE_CODE = YES;
				CLANG_WARN__DUPLICATE_METHOD_MATCH = YES;
				CODE_SIGN_STYLE = Automatic;
				COPY_PHASE_STRIP = NO;
				DEBUG_INFORMATION_FORMAT = "dwarf-with-dsym";
				DEVELOPMENT_TEAM = 3LTL47SJ8C;
				ENABLE_NS_ASSERTIONS = NO;
				ENABLE_STRICT_OBJC_MSGSEND = YES;
				ENABLE_USER_SCRIPT_SANDBOXING = NO;
				FRAMEWORK_SEARCH_PATHS = "$(inherited) $(BUILT_PRODUCTS_DIR)";
				GCC_C_LANGUAGE_STANDARD = gnu11;
				GCC_NO_COMMON_BLOCKS = YES;
				GCC_WARN_64_TO_32_BIT_CONVERSION = YES;
				GCC_WARN_ABOUT_RETURN_TYPE = YES_ERROR;
				GCC_WARN_UNDECLARED_SELECTOR = YES;
				GCC_WARN_UNINITIALIZED_AUTOS = YES_AGGRESSIVE;
				GCC_WARN_UNUSED_FUNCTION = YES;
				GCC_WARN_UNUSED_VARIABLE = YES;
				GENERATE_INFOPLIST_FILE = YES;
				IPHONEOS_DEPLOYMENT_TARGET = 17.0;
				MACOSX_DEPLOYMENT_TARGET = 14.0;
				MTL_ENABLE_DEBUG_INFO = NO;
				MTL_FAST_MATH = YES;
				OTHER_LDFLAGS = "$(inherited) -framework DulcetCore";
				PRODUCT_NAME = "$(TARGET_NAME)";
				SWIFT_COMPILATION_MODE = wholemodule;
				SWIFT_OPTIMIZATION_LEVEL = "-O";
				SWIFT_VERSION = 6.0;
				TVOS_DEPLOYMENT_TARGET = 17.0;
			};
			name = Release;
		};
		C34DCDB091D1EF814DEAB2E8 /* Release */ = {
			isa = XCBuildConfiguration;
			buildSettings = {
				ASSETCATALOG_COMPILER_APPICON_NAME = "App Icon & Top Shelf Image";
				ASSETCATALOG_COMPILER_LAUNCHIMAGE_NAME = LaunchImage;
				LD_RUNPATH_SEARCH_PATHS = (
					"$(inherited)",
					"@executable_path/Frameworks",
				);
				PRODUCT_BUNDLE_IDENTIFIER = com.legitimateapps.dulcet.tvos.dev;
				PRODUCT_NAME = "Dulcet DEV";
				SDKROOT = appletvos;
				TARGETED_DEVICE_FAMILY = 3;
			};
			name = Release;
		};
		CCE377B63D9B7123697E35EA /* Debug */ = {
			isa = XCBuildConfiguration;
			buildSettings = {
				BUNDLE_LOADER = "$(TEST_HOST)";
				CODE_SIGN_ENTITLEMENTS = DulcetMac/DulcetMac.entitlements;
				COMBINE_HIDPI_IMAGES = YES;
				LD_RUNPATH_SEARCH_PATHS = (
					"$(inherited)",
					"@executable_path/../Frameworks",
					"@loader_path/../Frameworks",
				);
				PRODUCT_BUNDLE_IDENTIFIER = com.legitimateapps.dulcet.dev.tests;
				SDKROOT = macosx;
				TEST_HOST = "$(BUILT_PRODUCTS_DIR)/Dulcet DEV.app/Contents/MacOS/Dulcet DEV";
			};
			name = Debug;
		};
		CDB8A273766321642A7B3738 /* Debug */ = {
			isa = XCBuildConfiguration;
			buildSettings = {
				ASSETCATALOG_COMPILER_APPICON_NAME = AppIcon;
				CODE_SIGN_IDENTITY = "iPhone Developer";
				LD_RUNPATH_SEARCH_PATHS = (
					"$(inherited)",
					"@executable_path/Frameworks",
				);
				PRODUCT_BUNDLE_IDENTIFIER = com.legitimateapps.dulcet.ios.dev;
				PRODUCT_NAME = "Dulcet DEV";
				SDKROOT = iphoneos;
				TARGETED_DEVICE_FAMILY = "1,2";
			};
			name = Debug;
		};
		FAEE5A2D25B2DF9C5480D176 /* Debug */ = {
			isa = XCBuildConfiguration;
			buildSettings = {
				ALWAYS_SEARCH_USER_PATHS = NO;
				ARCHS = arm64;
				CLANG_ANALYZER_NONNULL = YES;
				CLANG_ANALYZER_NUMBER_OBJECT_CONVERSION = YES_AGGRESSIVE;
				CLANG_CXX_LANGUAGE_STANDARD = "gnu++14";
				CLANG_CXX_LIBRARY = "libc++";
				CLANG_ENABLE_MODULES = YES;
				CLANG_ENABLE_OBJC_ARC = YES;
				CLANG_ENABLE_OBJC_WEAK = YES;
				CLANG_WARN_BLOCK_CAPTURE_AUTORELEASING = YES;
				CLANG_WARN_BOOL_CONVERSION = YES;
				CLANG_WARN_COMMA = YES;
				CLANG_WARN_CONSTANT_CONVERSION = YES;
				CLANG_WARN_DEPRECATED_OBJC_IMPLEMENTATIONS = YES;
				CLANG_WARN_DIRECT_OBJC_ISA_USAGE = YES_ERROR;
				CLANG_WARN_DOCUMENTATION_COMMENTS = YES;
				CLANG_WARN_EMPTY_BODY = YES;
				CLANG_WARN_ENUM_CONVERSION = YES;
				CLANG_WARN_INFINITE_RECURSION = YES;
				CLANG_WARN_INT_CONVERSION = YES;
				CLANG_WARN_NON_LITERAL_NULL_CONVERSION = YES;
				CLANG_WARN_OBJC_IMPLICIT_RETAIN_SELF = YES;
				CLANG_WARN_OBJC_LITERAL_CONVERSION = YES;
				CLANG_WARN_OBJC_ROOT_CLASS = YES_ERROR;
				CLANG_WARN_QUOTED_INCLUDE_IN_FRAMEWORK_HEADER = YES;
				CLANG_WARN_RANGE_LOOP_ANALYSIS = YES;
				CLANG_WARN_STRICT_PROTOTYPES = YES;
				CLANG_WARN_SUSPICIOUS_MOVE = YES;
				CLANG_WARN_UNGUARDED_AVAILABILITY = YES_AGGRESSIVE;
				CLANG_WARN_UNREACHABLE_CODE = YES;
				CLANG_WARN__DUPLICATE_METHOD_MATCH = YES;
				CODE_SIGN_STYLE = Automatic;
				COPY_PHASE_STRIP = NO;
				DEBUG_INFORMATION_FORMAT = dwarf;
				DEVELOPMENT_TEAM = 3LTL47SJ8C;
				ENABLE_STRICT_OBJC_MSGSEND = YES;
				ENABLE_TESTABILITY = YES;
				ENABLE_USER_SCRIPT_SANDBOXING = NO;
				FRAMEWORK_SEARCH_PATHS = "$(inherited) $(BUILT_PRODUCTS_DIR)";
				GCC_C_LANGUAGE_STANDARD = gnu11;
				GCC_DYNAMIC_NO_PIC = NO;
				GCC_NO_COMMON_BLOCKS = YES;
				GCC_OPTIMIZATION_LEVEL = 0;
				GCC_PREPROCESSOR_DEFINITIONS = (
					"$(inherited)",
					"DEBUG=1",
				);
				GCC_WARN_64_TO_32_BIT_CONVERSION = YES;
				GCC_WARN_ABOUT_RETURN_TYPE = YES_ERROR;
				GCC_WARN_UNDECLARED_SELECTOR = YES;
				GCC_WARN_UNINITIALIZED_AUTOS = YES_AGGRESSIVE;
				GCC_WARN_UNUSED_FUNCTION = YES;
				GCC_WARN_UNUSED_VARIABLE = YES;
				GENERATE_INFOPLIST_FILE = YES;
				IPHONEOS_DEPLOYMENT_TARGET = 17.0;
				MACOSX_DEPLOYMENT_TARGET = 14.0;
				MTL_ENABLE_DEBUG_INFO = INCLUDE_SOURCE;
				MTL_FAST_MATH = YES;
				ONLY_ACTIVE_ARCH = YES;
				OTHER_LDFLAGS = "$(inherited) -framework DulcetCore";
				PRODUCT_NAME = "$(TARGET_NAME)";
				SWIFT_ACTIVE_COMPILATION_CONDITIONS = DEBUG;
				SWIFT_OPTIMIZATION_LEVEL = "-Onone";
				SWIFT_VERSION = 6.0;
				TVOS_DEPLOYMENT_TARGET = 17.0;
			};
			name = Debug;
		};
/* End XCBuildConfiguration section */

/* Begin XCConfigurationList section */
		2C42EF1D985A1D90FAC23DB6 /* Build configuration list for PBXNativeTarget "DulcetMac" */ = {
			isa = XCConfigurationList;
			buildConfigurations = (
				3BD66460B4D1FB7D9875D805 /* Debug */,
				09CF159A04C1B438042F6BE8 /* Release */,
			);
			defaultConfigurationIsVisible = 0;
			defaultConfigurationName = Debug;
		};
		360A7CBC4024CFE9C745C373 /* Build configuration list for PBXNativeTarget "DulcetMacRelease" */ = {
			isa = XCConfigurationList;
			buildConfigurations = (
				B7A8878ED8979B56FCF18E7C /* Debug */,
				94E1665CA0B8F1878577359D /* Release */,
			);
			defaultConfigurationIsVisible = 0;
			defaultConfigurationName = Debug;
		};
		9E3631D81976A447A276882F /* Build configuration list for PBXNativeTarget "DulcetMacTests" */ = {
			isa = XCConfigurationList;
			buildConfigurations = (
				CCE377B63D9B7123697E35EA /* Debug */,
				8D10F433F53D9768AEE5D7E6 /* Release */,
			);
			defaultConfigurationIsVisible = 0;
			defaultConfigurationName = Debug;
		};
		AA7E5C9D5506435EDDFAAA3C /* Build configuration list for PBXNativeTarget "DulcetKitTVOSTests" */ = {
			isa = XCConfigurationList;
			buildConfigurations = (
				6C08B670F4CEE9CB9E30E169 /* Debug */,
				A0B32E25B79B6203DF47A1FE /* Release */,
			);
			defaultConfigurationIsVisible = 0;
			defaultConfigurationName = Debug;
		};
		B2B8E9A151E1DE5E43EAA7FD /* Build configuration list for PBXNativeTarget "DulcetTV" */ = {
			isa = XCConfigurationList;
			buildConfigurations = (
				0F66D7AC4142F42EC03D4A22 /* Debug */,
				C34DCDB091D1EF814DEAB2E8 /* Release */,
			);
			defaultConfigurationIsVisible = 0;
			defaultConfigurationName = Debug;
		};
		BA9D97B0A7AB9C7B8AA24B31 /* Build configuration list for PBXProject "Dulcet" */ = {
			isa = XCConfigurationList;
			buildConfigurations = (
				FAEE5A2D25B2DF9C5480D176 /* Debug */,
				C15376FBC04E4B5BACE3F4B6 /* Release */,
			);
			defaultConfigurationIsVisible = 0;
			defaultConfigurationName = Debug;
		};
		BFF6E597D61F20C292411331 /* Build configuration list for PBXNativeTarget "DulcetiOS" */ = {
			isa = XCConfigurationList;
			buildConfigurations = (
				CDB8A273766321642A7B3738 /* Debug */,
				5488B7A744D4ECDEE10416E9 /* Release */,
			);
			defaultConfigurationIsVisible = 0;
			defaultConfigurationName = Debug;
		};
		DAEE0BFE83D576244DC26A86 /* Build configuration list for PBXNativeTarget "DulcetKitIOSTests" */ = {
			isa = XCConfigurationList;
			buildConfigurations = (
				5A696D05F48602F0F2ECA4EF /* Debug */,
				A6693CD1E99ADF5A72C8F70D /* Release */,
			);
			defaultConfigurationIsVisible = 0;
			defaultConfigurationName = Debug;
		};
/* End XCConfigurationList section */

/* Begin XCLocalSwiftPackageReference section */
		B76C8E8F8C3AF68A5B3F8E67 /* XCLocalSwiftPackageReference "DulcetKit" */ = {
			isa = XCLocalSwiftPackageReference;
			relativePath = DulcetKit;
		};
/* End XCLocalSwiftPackageReference section */

/* Begin XCSwiftPackageProductDependency section */
		0A25BB9EEB3AB1E17FEE1738 /* DulcetKit */ = {
			isa = XCSwiftPackageProductDependency;
			productName = DulcetKit;
		};
		62FC2421ADA074BB4FF646A3 /* DulcetKit */ = {
			isa = XCSwiftPackageProductDependency;
			productName = DulcetKit;
		};
		6DE0C20386451D8B4373D34B /* DulcetKit */ = {
			isa = XCSwiftPackageProductDependency;
			productName = DulcetKit;
		};
		8901E30ABE975950D0518911 /* DulcetKit */ = {
			isa = XCSwiftPackageProductDependency;
			productName = DulcetKit;
		};
		BCF207739462B00BB245C6C8 /* DulcetKit */ = {
			isa = XCSwiftPackageProductDependency;
			productName = DulcetKit;
		};
		C3E4AFCE27D1BEC8BBC49180 /* DulcetKit */ = {
			isa = XCSwiftPackageProductDependency;
			productName = DulcetKit;
		};
		CDEA56097F109D780F3EA786 /* DulcetKit */ = {
			isa = XCSwiftPackageProductDependency;
			productName = DulcetKit;
		};
/* End XCSwiftPackageProductDependency section */
	};
	rootObject = 85AB9D651FD2629314AFF46A /* Project object */;
}
